
Microsoft Visual Studio Solution File, Format Version 12.00
# Visual Studio Version 16
VisualStudioVersion = 16.0.31410.357
MinimumVisualStudioVersion = 10.0.40219.1
Project("{FAE04EC0-301F-11D3-BF4B-00C04F79EFBC}") = "UserWallet", "UserWallet.csproj", "{1D78A2A6-6FE2-4FFC-B877-7BD5863F692A}"
EndProject
Global
	GlobalSection(SolutionConfigurationPlatforms) = preSolution
		Debug|Any CPU = Debug|Any CPU
		Release|Any CPU = Release|Any CPU
	EndGlobalSection
	GlobalSection(ProjectConfigurationPlatforms) = postSolution
		{1D78A2A6-6FE2-4FFC-B877-7BD5863F692A}.Debug|Any CPU.ActiveCfg = Debug|Any CPU
		{1D78A2A6-6FE2-4FFC-B877-7BD5863F692A}.Debug|Any CPU.Build.0 = Debug|Any CPU
		{1D78A2A6-6FE2-4FFC-B877-7BD5863F692A}.Release|Any CPU.ActiveCfg = Release|Any CPU
		{1D78A2A6-6FE2-4FFC-B877-7BD5863F692A}.Release|Any CPU.Build.0 = Release|Any CPU
	EndGlobalSection
	GlobalSection(SolutionProperties) = preSolution
		HideSolutionNode = FALSE
	EndGlobalSection
	GlobalSection(ExtensibilityGlobals) = postSolution
		SolutionGuid = {240977E1-6A43-4D9D-AE53-50CE39538084}
	EndGlobalSection
EndGlobal
